<?xml version="1.0" encoding="utf-8"?>
<Project ToolsVersion="4.0" xmlns="http://schemas.microsoft.com/developer/msbuild/2003">
  <ItemGroup>
    <Filter Include="소스 파일">
      <UniqueIdentifier>{4FC737F1-C7A5-4376-A066-2A32D752A2FF}</UniqueIdentifier>
      <Extensions>cpp;c;cc;cxx;def;odl;idl;hpj;bat;asm;asmx</Extensions>
    </Filter>
    <Filter Include="헤더 파일">
      <UniqueIdentifier>{93995380-89BD-4b04-88EB-625FBE52EBFB}</UniqueIdentifier>
      <Extensions>h;hh;hpp;hxx;hm;inl;inc;xsd</Extensions>
    </Filter>
    <Filter Include="리소스 파일">
      <UniqueIdentifier>{67DA6AB6-F800-4c08-8B7A-83BB121AAD01}</UniqueIdentifier>
      <Extensions>rc;ico;cur;bmp;dlg;rc2;rct;bin;rgs;gif;jpg;jpeg;jpe;resx;tiff;tif;png;wav;mfcribbon-ms</Extensions>
    </Filter>
    <Filter Include="00. MainGame">
      <UniqueIdentifier>{ec505992-3a75-488e-8b27-f22ca79ba85c}</UniqueIdentifier>
    </Filter>
    <Filter Include="01. Obj">
      <UniqueIdentifier>{27bb55d6-5a87-4ce1-8d5d-f72fd9b97371}</UniqueIdentifier>
    </Filter>
    <Filter Include="02. Design">
      <UniqueIdentifier>{29389b68-a0b6-4366-a462-8ea6a0fbc3dc}</UniqueIdentifier>
    </Filter>
    <Filter Include="02. Design\00. AbstractFactory">
      <UniqueIdentifier>{442629fb-3a2d-4317-bc9e-58a14f48b007}</UniqueIdentifier>
    </Filter>
    <Filter Include="02. Design\01. CollisionMgr">
      <UniqueIdentifier>{1602b94b-bad2-4eae-8f70-71ebbb84b18e}</UniqueIdentifier>
    </Filter>
    <Filter Include="02. Design\02. ObjMgr">
      <UniqueIdentifier>{7c2308f2-0fa7-4cd4-a8cc-a5ed4580373f}</UniqueIdentifier>
    </Filter>
    <Filter Include="02. Design\03. LineMgr">
      <UniqueIdentifier>{b4326b52-6b3e-4a01-ac64-8bea10e9245b}</UniqueIdentifier>
    </Filter>
    <Filter Include="02. Design\03. LineMgr\Line">
      <UniqueIdentifier>{42eeb268-c215-4c16-b048-f9a38f7fc26e}</UniqueIdentifier>
    </Filter>
    <Filter Include="01. Obj\01. Player">
      <UniqueIdentifier>{a538927e-c2c1-40f9-93f1-1f42f6ff2455}</UniqueIdentifier>
    </Filter>
    <Filter Include="01. Obj\03. Monster">
      <UniqueIdentifier>{2942410f-98eb-447d-ac1c-ac47cc0752f6}</UniqueIdentifier>
    </Filter>
    <Filter Include="01. Obj\00. Actor">
      <UniqueIdentifier>{4b05b9bc-f5cd-41a1-ac65-3886dc6a08ff}</UniqueIdentifier>
    </Filter>
    <Filter Include="01. Obj\04. Mouse">
      <UniqueIdentifier>{4dab4d2f-e72e-4697-98b6-055d6fca6bbc}</UniqueIdentifier>
    </Filter>
    <Filter Include="01. Obj\05. Boss">
      <UniqueIdentifier>{5c21e8c1-ba0a-4e57-b841-df5d815b687b}</UniqueIdentifier>
    </Filter>
    <Filter Include="02. Design\04. KeyMgr">
      <UniqueIdentifier>{8cbae56d-d83e-43f6-acff-177acc050f89}</UniqueIdentifier>
    </Filter>
    <Filter Include="02. Design\05. ScrollMgr">
      <UniqueIdentifier>{dfa74177-fdc4-49b8-a0f8-1b9e93bebd82}</UniqueIdentifier>
    </Filter>
    <Filter Include="01. Obj\05. Boss\Pattern">
      <UniqueIdentifier>{c8bfff6c-2a16-4e9d-94d0-6f9c187fd486}</UniqueIdentifier>
    </Filter>
    <Filter Include="01. Obj\05. Boss\Pattern\Idle">
      <UniqueIdentifier>{ac012855-4a62-42f8-8b32-b1787b656f93}</UniqueIdentifier>
    </Filter>
    <Filter Include="01. Obj\05. Boss\Pattern\Chase">
      <UniqueIdentifier>{1ed66422-1b66-4705-a6f6-dd04cfcceba8}</UniqueIdentifier>
    </Filter>
    <Filter Include="01. Obj\05. Boss\Pattern\Attack">
      <UniqueIdentifier>{ff4c59ff-dbb6-45ee-aedc-8e9481ab3b50}</UniqueIdentifier>
    </Filter>
    <Filter Include="01. Obj\01. Player\NewPlayer">
      <UniqueIdentifier>{b067aa35-65ea-470d-8713-dd3e0ba31e97}</UniqueIdentifier>
    </Filter>
    <Filter Include="01. Obj\01. Player\NewPlayer\Pattern">
      <UniqueIdentifier>{d07cdac9-70a0-42e1-a30d-dd15615286d1}</UniqueIdentifier>
    </Filter>
    <Filter Include="01. Obj\01. Player\NewPlayer\Pattern\00. Idle">
      <UniqueIdentifier>{bd28db91-baf6-4a0e-a039-70608217730e}</UniqueIdentifier>
    </Filter>
    <Filter Include="01. Obj\01. Player\NewPlayer\Pattern\01. Jump">
      <UniqueIdentifier>{ac0f1e06-b1f5-4075-bc98-585b370c51ac}</UniqueIdentifier>
    </Filter>
    <Filter Include="01. Obj\01. Player\NewPlayer\Pattern\03. Fall">
      <UniqueIdentifier>{09c33a1e-c9f1-40a1-88f6-cbaed5242628}</UniqueIdentifier>
    </Filter>
    <Filter Include="01. Obj\01. Player\NewPlayer\Pattern\02. Walk">
      <UniqueIdentifier>{75c831b0-c4c6-4414-b058-168c50e28cb7}</UniqueIdentifier>
    </Filter>
    <Filter Include="01. Obj\01. Player\NewPlayer\Pattern\-1. Abstract">
      <UniqueIdentifier>{c6d002d7-72a2-4ecf-8aa5-799650d0afc6}</UniqueIdentifier>
    </Filter>
    <Filter Include="01. Obj\01. Player\NewPlayer\Pattern\-1. Abstract\01. OnGround">
      <UniqueIdentifier>{ecb4991b-4f6e-45da-a83f-767aa63d7246}</UniqueIdentifier>
    </Filter>
    <Filter Include="01. Obj\01. Player\NewPlayer\Pattern\-1. Abstract\02, OnAir">
      <UniqueIdentifier>{e049d178-1fdf-4dc3-930b-1d288630206b}</UniqueIdentifier>
    </Filter>
    <Filter Include="02. Design\06. BmpMgr">
      <UniqueIdentifier>{73571c0d-6e75-492c-9d54-0ba489b5cee1}</UniqueIdentifier>
    </Filter>
    <Filter Include="03. Scene">
      <UniqueIdentifier>{b353731c-cc88-4d52-a7f9-5e4831406875}</UniqueIdentifier>
    </Filter>
    <Filter Include="02. Design\07. SoundMgr">
      <UniqueIdentifier>{8a0adcc9-5e34-49cb-af34-35733d0ab9d1}</UniqueIdentifier>
    </Filter>
    <Filter Include="03. Scene\00. Intro">
      <UniqueIdentifier>{ffcbf8f1-a08c-40c8-8dfb-4c3e70fb6993}</UniqueIdentifier>
    </Filter>
    <Filter Include="03. Scene\01. Stage">
      <UniqueIdentifier>{31a2c119-ca70-43a8-a7f3-56f46c4022af}</UniqueIdentifier>
    </Filter>
    <Filter Include="03. Scene\01. Stage\Stage1 - Ruin">
      <UniqueIdentifier>{4eac66b5-be39-4179-919e-1d5df3c89ede}</UniqueIdentifier>
    </Filter>
    <Filter Include="03. Scene\01. Stage\Stage4 - Toliel">
      <UniqueIdentifier>{19b1d20e-0635-4e2f-bb82-bebe1e5e47ed}</UniqueIdentifier>
    </Filter>
    <Filter Include="03. Scene\01. Stage\Stage4 - Toliel\00. Toliel">
      <UniqueIdentifier>{a3c41303-6e06-4ded-bd04-6254ba419341}</UniqueIdentifier>
    </Filter>
    <Filter Include="03. Scene\01. Stage\Stage3 - Puzzle">
      <UniqueIdentifier>{65020c9f-6d89-4cac-a823-92a326b007e4}</UniqueIdentifier>
    </Filter>
    <Filter Include="03. Scene\01. Stage\Stage2 - Flowey">
      <UniqueIdentifier>{fd26949e-e538-4a2f-8d0c-819d18aac292}</UniqueIdentifier>
    </Filter>
    <Filter Include="03. Scene\01. Stage\Stage2 - Flowey\Flowey">
      <UniqueIdentifier>{b87900fb-3647-4484-9f1b-8bc143a51806}</UniqueIdentifier>
    </Filter>
    <Filter Include="03. Scene\01. Stage\Player">
      <UniqueIdentifier>{cb661d48-e621-4208-830d-114cbc456110}</UniqueIdentifier>
    </Filter>
    <Filter Include="03. Scene\01. Stage\Obj">
      <UniqueIdentifier>{cf6d3031-bd4c-4fdb-a282-b31ba02b8b17}</UniqueIdentifier>
    </Filter>
    <Filter Include="03. Scene\02. Battle">
      <UniqueIdentifier>{e11d3bab-7dfe-40fb-8219-f7cf27cbf69d}</UniqueIdentifier>
    </Filter>
    <Filter Include="03. Scene\02. Battle\Obj">
      <UniqueIdentifier>{d1176492-46c0-4d8f-867d-8c921ed276f7}</UniqueIdentifier>
    </Filter>
    <Filter Include="03. Scene\02. Battle\Obj\Button">
      <UniqueIdentifier>{05295684-89b6-4039-a2cc-b75d5fb97ee7}</UniqueIdentifier>
    </Filter>
    <Filter Include="03. Scene\02. Battle\Obj\Message">
      <UniqueIdentifier>{483a1b92-461a-4ee0-a1bd-3bad2666c15e}</UniqueIdentifier>
    </Filter>
    <Filter Include="03. Scene\02. Battle\Obj\Player">
      <UniqueIdentifier>{59f1588e-2940-4cb7-9a3d-91234e605186}</UniqueIdentifier>
    </Filter>
    <Filter Include="03. Scene\02. Battle\Scene">
      <UniqueIdentifier>{63df1f97-5b47-4848-815d-8329201ad679}</UniqueIdentifier>
    </Filter>
    <Filter Include="03. Scene\02. Battle\Monster">
      <UniqueIdentifier>{4582c75e-0737-4e5b-a177-c4758da44495}</UniqueIdentifier>
    </Filter>
    <Filter Include="03. Scene\02. Battle\Boss">
      <UniqueIdentifier>{051190ac-bda1-4649-af01-a704facfb6bf}</UniqueIdentifier>
    </Filter>
    <Filter Include="03. Scene\02. Battle\Monster\Pattern">
      <UniqueIdentifier>{1b40cc7b-854c-4f90-bb87-05050f27d952}</UniqueIdentifier>
    </Filter>
    <Filter Include="03. Scene\02. Battle\Boss\Pattern">
      <UniqueIdentifier>{fc2d51d2-5505-4174-969f-e9ba53b9102b}</UniqueIdentifier>
    </Filter>
    <Filter Include="03. Scene\02. Battle\Monster\Pattern\Idle">
      <UniqueIdentifier>{f4cefd0e-f012-46c5-a513-f97329b6e5b0}</UniqueIdentifier>
    </Filter>
    <Filter Include="03. Scene\02. Battle\Monster\Pattern\Attack1">
      <UniqueIdentifier>{dfbed268-a913-4115-81b4-cdd8a9328b8b}</UniqueIdentifier>
    </Filter>
    <Filter Include="03. Scene\02. Battle\Monster\Pattern\Attack2">
      <UniqueIdentifier>{51f6a4f2-e14a-42cc-bc1a-1c7af9be2046}</UniqueIdentifier>
    </Filter>
    <Filter Include="03. Scene\02. Battle\Boss\Pattern\Idle">
      <UniqueIdentifier>{db762cbc-351f-45a8-8fab-9d8bc838e036}</UniqueIdentifier>
    </Filter>
    <Filter Include="03. Scene\02. Battle\Boss\Pattern\Attack1">
      <UniqueIdentifier>{f387c2d5-b0fe-46f9-98ed-e9cbade1d0eb}</UniqueIdentifier>
    </Filter>
    <Filter Include="03. Scene\02. Battle\Boss\Pattern\Attack2">
      <UniqueIdentifier>{e132095d-136e-4b3e-bb30-46b7934db4d6}</UniqueIdentifier>
    </Filter>
    <Filter Include="03. Scene\02. Battle\Boss\Pattern\Attack3">
      <UniqueIdentifier>{41d66f05-7a41-4bdf-a193-0a7b675b25a7}</UniqueIdentifier>
    </Filter>
    <Filter Include="03. Scene\02. Battle\Scene\Idle">
      <UniqueIdentifier>{cbd8d4dd-0ff5-408a-9016-f0679a9fe14c}</UniqueIdentifier>
    </Filter>
    <Filter Include="02. Design\08. SceneMgr">
      <UniqueIdentifier>{6a5aec73-6337-411d-96f5-f8ab87416bd2}</UniqueIdentifier>
    </Filter>
    <Filter Include="03. Scene\02. Battle\Scene\Attack">
      <UniqueIdentifier>{66e5c62e-a05d-4efb-a11d-05686d550932}</UniqueIdentifier>
    </Filter>
    <Filter Include="03. Scene\02. Battle\Scene\Act">
      <UniqueIdentifier>{050440e7-f481-4d0b-b8ea-0a0cb00087bd}</UniqueIdentifier>
    </Filter>
    <Filter Include="03. Scene\02. Battle\Scene\Item">
      <UniqueIdentifier>{fcfdf063-70c5-43f8-86e0-d3fe1f011410}</UniqueIdentifier>
    </Filter>
    <Filter Include="03. Scene\02. Battle\Scene\Mercy">
      <UniqueIdentifier>{be6a6d9d-dc58-4903-83cc-645969191e85}</UniqueIdentifier>
    </Filter>
  </ItemGroup>
  <ItemGroup>
    <Text Include="ReadMe.txt" />
  </ItemGroup>
  <ItemGroup>
    <ClInclude Include="stdafx.h">
      <Filter>헤더 파일</Filter>
    </ClInclude>
    <ClInclude Include="targetver.h">
      <Filter>헤더 파일</Filter>
    </ClInclude>
    <ClInclude Include="Resource.h">
      <Filter>헤더 파일</Filter>
    </ClInclude>
    <ClInclude Include="230608.h">
      <Filter>헤더 파일</Filter>
    </ClInclude>
    <ClInclude Include="MainGame.h">
      <Filter>00. MainGame</Filter>
    </ClInclude>
    <ClInclude Include="Define.h">
      <Filter>헤더 파일</Filter>
    </ClInclude>
    <ClInclude Include="Obj.h">
      <Filter>01. Obj</Filter>
    </ClInclude>
    <ClInclude Include="Player.h">
      <Filter>01. Obj\01. Player</Filter>
    </ClInclude>
    <ClInclude Include="AbstractFactory.h">
      <Filter>02. Design\00. AbstractFactory</Filter>
    </ClInclude>
    <ClInclude Include="Monster.h">
      <Filter>01. Obj\03. Monster</Filter>
    </ClInclude>
    <ClInclude Include="Mouse.h">
      <Filter>01. Obj\04. Mouse</Filter>
    </ClInclude>
    <ClInclude Include="CollisionMgr.h">
      <Filter>02. Design\01. CollisionMgr</Filter>
    </ClInclude>
    <ClInclude Include="ObjMgr.h">
      <Filter>02. Design\02. ObjMgr</Filter>
    </ClInclude>
    <ClInclude Include="LineMgr.h">
      <Filter>02. Design\03. LineMgr</Filter>
    </ClInclude>
    <ClInclude Include="Line.h">
      <Filter>02. Design\03. LineMgr\Line</Filter>
    </ClInclude>
    <ClInclude Include="IStage.h">
      <Filter>03. Scene\01. Stage</Filter>
    </ClInclude>
    <ClInclude Include="IScene.h">
      <Filter>03. Scene</Filter>
    </ClInclude>
    <ClInclude Include="Intro.h">
      <Filter>03. Scene\00. Intro</Filter>
    </ClInclude>
    <ClInclude Include="Actor.h">
      <Filter>01. Obj\00. Actor</Filter>
    </ClInclude>
    <ClInclude Include="State.h">
      <Filter>01. Obj\00. Actor</Filter>
    </ClInclude>
    <ClInclude Include="Boss.h">
      <Filter>01. Obj\05. Boss</Filter>
    </ClInclude>
    <ClInclude Include="PlayerS1.h">
      <Filter>03. Scene\01. Stage\Player</Filter>
    </ClInclude>
    <ClInclude Include="KeyMgr.h">
      <Filter>02. Design\04. KeyMgr</Filter>
    </ClInclude>
    <ClInclude Include="ScrollMgr.h">
      <Filter>02. Design\05. ScrollMgr</Filter>
    </ClInclude>
    <ClInclude Include="BossIdle.h">
      <Filter>01. Obj\05. Boss\Pattern\Idle</Filter>
    </ClInclude>
    <ClInclude Include="BossChase.h">
      <Filter>01. Obj\05. Boss\Pattern\Chase</Filter>
    </ClInclude>
    <ClInclude Include="BossAttack.h">
      <Filter>01. Obj\05. Boss\Pattern\Attack</Filter>
    </ClInclude>
    <ClInclude Include="NewPlayer.h">
      <Filter>01. Obj\01. Player\NewPlayer</Filter>
    </ClInclude>
    <ClInclude Include="NewPlayerIdle.h">
      <Filter>01. Obj\01. Player\NewPlayer\Pattern\00. Idle</Filter>
    </ClInclude>
    <ClInclude Include="NewPlayerWalk.h">
      <Filter>01. Obj\01. Player\NewPlayer\Pattern\02. Walk</Filter>
    </ClInclude>
    <ClInclude Include="NewPlayerJump.h">
      <Filter>01. Obj\01. Player\NewPlayer\Pattern\01. Jump</Filter>
    </ClInclude>
    <ClInclude Include="NewPlayerFall.h">
      <Filter>01. Obj\01. Player\NewPlayer\Pattern\03. Fall</Filter>
    </ClInclude>
    <ClInclude Include="NewPlayerOnGround.h">
      <Filter>01. Obj\01. Player\NewPlayer\Pattern\-1. Abstract\01. OnGround</Filter>
    </ClInclude>
    <ClInclude Include="NewPlayerOnAir.h">
      <Filter>01. Obj\01. Player\NewPlayer\Pattern\-1. Abstract\02, OnAir</Filter>
    </ClInclude>
    <ClInclude Include="Loading.h">
      <Filter>03. Scene\00. Intro</Filter>
    </ClInclude>
    <ClInclude Include="BitMap.h">
      <Filter>02. Design\06. BmpMgr</Filter>
    </ClInclude>
    <ClInclude Include="BmpMgr.h">
      <Filter>02. Design\06. BmpMgr</Filter>
    </ClInclude>
    <ClInclude Include="Stage2.h">
      <Filter>03. Scene\01. Stage\Stage2 - Flowey</Filter>
    </ClInclude>
    <ClInclude Include="Flowey.h">
      <Filter>03. Scene\01. Stage\Stage2 - Flowey\Flowey</Filter>
    </ClInclude>
    <ClInclude Include="SoundMgr.h">
      <Filter>02. Design\07. SoundMgr</Filter>
    </ClInclude>
    <ClInclude Include="ObjStage.h">
      <Filter>03. Scene\01. Stage\Obj</Filter>
    </ClInclude>
    <ClInclude Include="ObjBattle.h">
      <Filter>03. Scene\02. Battle\Obj</Filter>
    </ClInclude>
    <ClInclude Include="PlayerS2.h">
      <Filter>03. Scene\02. Battle\Obj\Player</Filter>
    </ClInclude>
    <ClInclude Include="MyButton.h">
      <Filter>03. Scene\02. Battle\Obj\Button</Filter>
    </ClInclude>
    <ClInclude Include="MessageBlock.h">
      <Filter>03. Scene\02. Battle\Obj\Message</Filter>
    </ClInclude>
    <ClInclude Include="Look.h">
      <Filter>03. Scene\02. Battle\Monster</Filter>
    </ClInclude>
    <ClInclude Include="Stage1.h">
      <Filter>03. Scene\01. Stage\Stage1 - Ruin</Filter>
    </ClInclude>
    <ClInclude Include="DefineS2.h">
      <Filter>03. Scene\02. Battle</Filter>
    </ClInclude>
    <ClInclude Include="Toriel.h">
      <Filter>03. Scene\02. Battle\Boss</Filter>
    </ClInclude>
    <ClInclude Include="IBattleScene.h">
      <Filter>03. Scene\02. Battle</Filter>
    </ClInclude>
    <ClInclude Include="Battle.h">
      <Filter>03. Scene\02. Battle\Scene</Filter>
    </ClInclude>
    <ClInclude Include="BattleIdle.h">
      <Filter>03. Scene\02. Battle\Scene\Idle</Filter>
    </ClInclude>
    <ClInclude Include="BattleAttack.h">
      <Filter>03. Scene\02. Battle\Scene\Attack</Filter>
    </ClInclude>
    <ClInclude Include="BattleAct.h">
      <Filter>03. Scene\02. Battle\Scene\Act</Filter>
    </ClInclude>
    <ClInclude Include="BattleItem.h">
      <Filter>03. Scene\02. Battle\Scene\Item</Filter>
    </ClInclude>
    <ClInclude Include="BattleMercy.h">
      <Filter>03. Scene\02. Battle\Scene\Mercy</Filter>
    </ClInclude>
  </ItemGroup>
  <ItemGroup>
    <ClCompile Include="stdafx.cpp">
      <Filter>소스 파일</Filter>
    </ClCompile>
    <ClCompile Include="230608.cpp">
      <Filter>소스 파일</Filter>
    </ClCompile>
    <ClCompile Include="MainGame.cpp">
      <Filter>00. MainGame</Filter>
    </ClCompile>
    <ClCompile Include="Obj.cpp">
      <Filter>01. Obj</Filter>
    </ClCompile>
    <ClCompile Include="Player.cpp">
      <Filter>01. Obj\01. Player</Filter>
    </ClCompile>
    <ClCompile Include="Monster.cpp">
      <Filter>01. Obj\03. Monster</Filter>
    </ClCompile>
    <ClCompile Include="Mouse.cpp">
      <Filter>01. Obj\04. Mouse</Filter>
    </ClCompile>
    <ClCompile Include="CollisionMgr.cpp">
      <Filter>02. Design\01. CollisionMgr</Filter>
    </ClCompile>
    <ClCompile Include="ObjMgr.cpp">
      <Filter>02. Design\02. ObjMgr</Filter>
    </ClCompile>
    <ClCompile Include="Line.cpp">
      <Filter>02. Design\03. LineMgr\Line</Filter>
    </ClCompile>
    <ClCompile Include="LineMgr.cpp">
      <Filter>02. Design\03. LineMgr</Filter>
    </ClCompile>
    <ClCompile Include="Intro.cpp">
      <Filter>03. Scene\00. Intro</Filter>
    </ClCompile>
    <ClCompile Include="PlayerS1.cpp">
      <Filter>03. Scene\01. Stage\Player</Filter>
    </ClCompile>
    <ClCompile Include="KeyMgr.cpp">
      <Filter>02. Design\04. KeyMgr</Filter>
    </ClCompile>
    <ClCompile Include="ScrollMgr.cpp">
      <Filter>02. Design\05. ScrollMgr</Filter>
    </ClCompile>
    <ClCompile Include="Boss.cpp">
      <Filter>01. Obj\05. Boss</Filter>
    </ClCompile>
    <ClCompile Include="BossIdle.cpp">
      <Filter>01. Obj\05. Boss\Pattern\Idle</Filter>
    </ClCompile>
    <ClCompile Include="BossChase.cpp">
      <Filter>01. Obj\05. Boss\Pattern\Chase</Filter>
    </ClCompile>
    <ClCompile Include="BossAttack.cpp">
      <Filter>01. Obj\05. Boss\Pattern\Attack</Filter>
    </ClCompile>
    <ClCompile Include="NewPlayer.cpp">
      <Filter>01. Obj\01. Player\NewPlayer</Filter>
    </ClCompile>
    <ClCompile Include="NewPlayerIdle.cpp">
      <Filter>01. Obj\01. Player\NewPlayer\Pattern\00. Idle</Filter>
    </ClCompile>
    <ClCompile Include="NewPlayerWalk.cpp">
      <Filter>01. Obj\01. Player\NewPlayer\Pattern\02. Walk</Filter>
    </ClCompile>
    <ClCompile Include="NewPlayerJump.cpp">
      <Filter>01. Obj\01. Player\NewPlayer\Pattern\01. Jump</Filter>
    </ClCompile>
    <ClCompile Include="NewPlayerFall.cpp">
      <Filter>01. Obj\01. Player\NewPlayer\Pattern\03. Fall</Filter>
    </ClCompile>
    <ClCompile Include="NewPlayerOnGround.cpp">
      <Filter>01. Obj\01. Player\NewPlayer\Pattern\-1. Abstract\01. OnGround</Filter>
    </ClCompile>
    <ClCompile Include="NewPlayerOnAir.cpp">
      <Filter>01. Obj\01. Player\NewPlayer\Pattern\-1. Abstract\02, OnAir</Filter>
    </ClCompile>
    <ClCompile Include="BitMap.cpp">
      <Filter>02. Design\06. BmpMgr</Filter>
    </ClCompile>
    <ClCompile Include="BmpMgr.cpp">
      <Filter>02. Design\06. BmpMgr</Filter>
    </ClCompile>
    <ClCompile Include="Stage2.cpp">
      <Filter>03. Scene\01. Stage\Stage2 - Flowey</Filter>
    </ClCompile>
    <ClCompile Include="Flowey.cpp">
      <Filter>03. Scene\01. Stage\Stage2 - Flowey\Flowey</Filter>
    </ClCompile>
    <ClCompile Include="SoundMgr.cpp">
      <Filter>02. Design\07. SoundMgr</Filter>
    </ClCompile>
    <ClCompile Include="PlayerS2.cpp">
      <Filter>03. Scene\02. Battle\Obj\Player</Filter>
    </ClCompile>
    <ClCompile Include="MyButton.cpp">
      <Filter>03. Scene\02. Battle\Obj\Button</Filter>
    </ClCompile>
    <ClCompile Include="MessageBlock.cpp">
      <Filter>03. Scene\02. Battle\Obj\Message</Filter>
    </ClCompile>
    <ClCompile Include="Look.cpp">
      <Filter>03. Scene\02. Battle\Monster</Filter>
    </ClCompile>
    <ClCompile Include="Stage1.cpp">
      <Filter>03. Scene\01. Stage\Stage1 - Ruin</Filter>
    </ClCompile>
    <ClCompile Include="Toriel.cpp">
      <Filter>03. Scene\02. Battle\Boss</Filter>
    </ClCompile>
    <ClCompile Include="Battle.cpp">
      <Filter>03. Scene\02. Battle\Scene</Filter>
    </ClCompile>
    <ClCompile Include="BattleIdle.cpp">
      <Filter>03. Scene\02. Battle\Scene\Idle</Filter>
    </ClCompile>
    <ClCompile Include="BattleAttack.cpp">
      <Filter>03. Scene\02. Battle\Scene\Attack</Filter>
    </ClCompile>
    <ClCompile Include="BattleAct.cpp">
      <Filter>03. Scene\02. Battle\Scene\Act</Filter>
    </ClCompile>
    <ClCompile Include="BattleItem.cpp">
      <Filter>03. Scene\02. Battle\Scene\Item</Filter>
    </ClCompile>
    <ClCompile Include="BattleMercy.cpp">
      <Filter>03. Scene\02. Battle\Scene\Mercy</Filter>
    </ClCompile>
  </ItemGroup>
  <ItemGroup>
    <ResourceCompile Include="230608.rc">
      <Filter>리소스 파일</Filter>
    </ResourceCompile>
  </ItemGroup>
  <ItemGroup>
    <Image Include="small.ico">
      <Filter>리소스 파일</Filter>
    </Image>
    <Image Include="230608.ico">
      <Filter>리소스 파일</Filter>
    </Image>
  </ItemGroup>
</Project>