<?xml version="1.0" encoding="utf-8"?>
<Project ToolsVersion="4.0" xmlns="http://schemas.microsoft.com/developer/msbuild/2003">
  <ItemGroup>
    <Filter Include="소스 파일">
      <UniqueIdentifier>{4FC737F1-C7A5-4376-A066-2A32D752A2FF}</UniqueIdentifier>
      <Extensions>cpp;c;cc;cxx;def;odl;idl;hpj;bat;asm;asmx</Extensions>
    </Filter>
    <Filter Include="헤더 파일">
      <UniqueIdentifier>{93995380-89BD-4b04-88EB-625FBE52EBFB}</UniqueIdentifier>
      <Extensions>h;hh;hpp;hxx;hm;inl;inc;xsd</Extensions>
    </Filter>
    <Filter Include="리소스 파일">
      <UniqueIdentifier>{67DA6AB6-F800-4c08-8B7A-83BB121AAD01}</UniqueIdentifier>
      <Extensions>rc;ico;cur;bmp;dlg;rc2;rct;bin;rgs;gif;jpg;jpeg;jpe;resx;tiff;tif;png;wav;mfcribbon-ms</Extensions>
    </Filter>
    <Filter Include="00. MainGame">
      <UniqueIdentifier>{ec505992-3a75-488e-8b27-f22ca79ba85c}</UniqueIdentifier>
    </Filter>
    <Filter Include="01. Obj">
      <UniqueIdentifier>{27bb55d6-5a87-4ce1-8d5d-f72fd9b97371}</UniqueIdentifier>
    </Filter>
    <Filter Include="02. Design">
      <UniqueIdentifier>{29389b68-a0b6-4366-a462-8ea6a0fbc3dc}</UniqueIdentifier>
    </Filter>
    <Filter Include="02. Design\00. AbstractFactory">
      <UniqueIdentifier>{442629fb-3a2d-4317-bc9e-58a14f48b007}</UniqueIdentifier>
    </Filter>
    <Filter Include="02. Design\01. CollisionMgr">
      <UniqueIdentifier>{1602b94b-bad2-4eae-8f70-71ebbb84b18e}</UniqueIdentifier>
    </Filter>
    <Filter Include="02. Design\02. ObjMgr">
      <UniqueIdentifier>{7c2308f2-0fa7-4cd4-a8cc-a5ed4580373f}</UniqueIdentifier>
    </Filter>
    <Filter Include="02. Design\03. LineMgr">
      <UniqueIdentifier>{b4326b52-6b3e-4a01-ac64-8bea10e9245b}</UniqueIdentifier>
    </Filter>
    <Filter Include="02. Design\03. LineMgr\Line">
      <UniqueIdentifier>{42eeb268-c215-4c16-b048-f9a38f7fc26e}</UniqueIdentifier>
    </Filter>
    <Filter Include="01. Obj\01. Player">
      <UniqueIdentifier>{a538927e-c2c1-40f9-93f1-1f42f6ff2455}</UniqueIdentifier>
    </Filter>
    <Filter Include="01. Obj\00. Actor">
      <UniqueIdentifier>{4b05b9bc-f5cd-41a1-ac65-3886dc6a08ff}</UniqueIdentifier>
    </Filter>
    <Filter Include="02. Design\04. KeyMgr">
      <UniqueIdentifier>{8cbae56d-d83e-43f6-acff-177acc050f89}</UniqueIdentifier>
    </Filter>
    <Filter Include="02. Design\05. ScrollMgr">
      <UniqueIdentifier>{dfa74177-fdc4-49b8-a0f8-1b9e93bebd82}</UniqueIdentifier>
    </Filter>
    <Filter Include="02. Design\06. BmpMgr">
      <UniqueIdentifier>{73571c0d-6e75-492c-9d54-0ba489b5cee1}</UniqueIdentifier>
    </Filter>
    <Filter Include="03. Scene">
      <UniqueIdentifier>{b353731c-cc88-4d52-a7f9-5e4831406875}</UniqueIdentifier>
    </Filter>
    <Filter Include="02. Design\07. SoundMgr">
      <UniqueIdentifier>{8a0adcc9-5e34-49cb-af34-35733d0ab9d1}</UniqueIdentifier>
    </Filter>
    <Filter Include="03. Scene\00. Intro">
      <UniqueIdentifier>{ffcbf8f1-a08c-40c8-8dfb-4c3e70fb6993}</UniqueIdentifier>
    </Filter>
    <Filter Include="03. Scene\01. Stage">
      <UniqueIdentifier>{31a2c119-ca70-43a8-a7f3-56f46c4022af}</UniqueIdentifier>
    </Filter>
    <Filter Include="03. Scene\01. Stage\Stage1 - Ruin">
      <UniqueIdentifier>{4eac66b5-be39-4179-919e-1d5df3c89ede}</UniqueIdentifier>
    </Filter>
    <Filter Include="03. Scene\01. Stage\Stage4 - Toliel">
      <UniqueIdentifier>{19b1d20e-0635-4e2f-bb82-bebe1e5e47ed}</UniqueIdentifier>
    </Filter>
    <Filter Include="03. Scene\01. Stage\Stage3 - Puzzle">
      <UniqueIdentifier>{65020c9f-6d89-4cac-a823-92a326b007e4}</UniqueIdentifier>
    </Filter>
    <Filter Include="03. Scene\01. Stage\Stage2 - Flowey">
      <UniqueIdentifier>{fd26949e-e538-4a2f-8d0c-819d18aac292}</UniqueIdentifier>
    </Filter>
    <Filter Include="03. Scene\01. Stage\Stage2 - Flowey\Flowey">
      <UniqueIdentifier>{b87900fb-3647-4484-9f1b-8bc143a51806}</UniqueIdentifier>
    </Filter>
    <Filter Include="03. Scene\02. Battle">
      <UniqueIdentifier>{e11d3bab-7dfe-40fb-8219-f7cf27cbf69d}</UniqueIdentifier>
    </Filter>
    <Filter Include="02. Design\08. SceneMgr">
      <UniqueIdentifier>{6a5aec73-6337-411d-96f5-f8ab87416bd2}</UniqueIdentifier>
    </Filter>
    <Filter Include="01. Obj\01. Player\Player">
      <UniqueIdentifier>{cb661d48-e621-4208-830d-114cbc456110}</UniqueIdentifier>
    </Filter>
    <Filter Include="01. Obj\02. Mouse">
      <UniqueIdentifier>{4dab4d2f-e72e-4697-98b6-055d6fca6bbc}</UniqueIdentifier>
    </Filter>
    <Filter Include="01. Obj\03. Boss">
      <UniqueIdentifier>{051190ac-bda1-4649-af01-a704facfb6bf}</UniqueIdentifier>
    </Filter>
    <Filter Include="01. Obj\03. Boss\Pattern">
      <UniqueIdentifier>{fc2d51d2-5505-4174-969f-e9ba53b9102b}</UniqueIdentifier>
    </Filter>
    <Filter Include="01. Obj\03. Boss\Pattern\Attack1">
      <UniqueIdentifier>{f387c2d5-b0fe-46f9-98ed-e9cbade1d0eb}</UniqueIdentifier>
    </Filter>
    <Filter Include="01. Obj\03. Boss\Pattern\Attack2">
      <UniqueIdentifier>{e132095d-136e-4b3e-bb30-46b7934db4d6}</UniqueIdentifier>
    </Filter>
    <Filter Include="01. Obj\03. Boss\Pattern\Attack3">
      <UniqueIdentifier>{41d66f05-7a41-4bdf-a193-0a7b675b25a7}</UniqueIdentifier>
    </Filter>
    <Filter Include="01. Obj\04. Monster">
      <UniqueIdentifier>{4582c75e-0737-4e5b-a177-c4758da44495}</UniqueIdentifier>
    </Filter>
    <Filter Include="01. Obj\04. Monster\Pattern">
      <UniqueIdentifier>{1b40cc7b-854c-4f90-bb87-05050f27d952}</UniqueIdentifier>
    </Filter>
    <Filter Include="01. Obj\04. Monster\Pattern\Attack1">
      <UniqueIdentifier>{dfbed268-a913-4115-81b4-cdd8a9328b8b}</UniqueIdentifier>
    </Filter>
    <Filter Include="01. Obj\04. Monster\Pattern\Attack2">
      <UniqueIdentifier>{51f6a4f2-e14a-42cc-bc1a-1c7af9be2046}</UniqueIdentifier>
    </Filter>
    <Filter Include="01. Obj\05. Button">
      <UniqueIdentifier>{05295684-89b6-4039-a2cc-b75d5fb97ee7}</UniqueIdentifier>
    </Filter>
    <Filter Include="01. Obj\06. Message">
      <UniqueIdentifier>{483a1b92-461a-4ee0-a1bd-3bad2666c15e}</UniqueIdentifier>
    </Filter>
    <Filter Include="01. Obj\01. Player\Battle">
      <UniqueIdentifier>{b067aa35-65ea-470d-8713-dd3e0ba31e97}</UniqueIdentifier>
    </Filter>
    <Filter Include="01. Obj\07. Attack_Bar">
      <UniqueIdentifier>{ee286269-efc2-4d70-9e4b-55aa9f06b6e9}</UniqueIdentifier>
    </Filter>
    <Filter Include="03. Scene\02. Battle\01. Monster">
      <UniqueIdentifier>{63df1f97-5b47-4848-815d-8329201ad679}</UniqueIdentifier>
    </Filter>
    <Filter Include="03. Scene\02. Battle\01. Monster\Idle">
      <UniqueIdentifier>{1a11409f-3b2d-4c59-beb3-98d9988052c8}</UniqueIdentifier>
    </Filter>
    <Filter Include="03. Scene\02. Battle\01. Monster\Attack">
      <UniqueIdentifier>{9096e64d-27c8-4467-bd82-6e1250271c64}</UniqueIdentifier>
    </Filter>
    <Filter Include="03. Scene\02. Battle\01. Monster\Phase">
      <UniqueIdentifier>{3ca15ea9-7e77-4856-9b49-c4bfd30fe973}</UniqueIdentifier>
    </Filter>
    <Filter Include="03. Scene\02. Battle\01. Monster\Mercy">
      <UniqueIdentifier>{4a3f59e4-63b3-4949-b7da-3f0f3121fae7}</UniqueIdentifier>
    </Filter>
    <Filter Include="03. Scene\02. Battle\01. Monster\Act">
      <UniqueIdentifier>{142a3aad-3a80-4cc8-903f-8df317d131cb}</UniqueIdentifier>
    </Filter>
    <Filter Include="01. Obj\08. PlayerUI">
      <UniqueIdentifier>{2a78f9da-16f7-4aa2-8156-a51ebe174b62}</UniqueIdentifier>
    </Filter>
    <Filter Include="03. Scene\02. Battle\01. Monster\Item">
      <UniqueIdentifier>{fe70c88d-9443-4dec-a363-ece7b1e79539}</UniqueIdentifier>
    </Filter>
    <Filter Include="03. Scene\02. Battle\02. Boss">
      <UniqueIdentifier>{8b641b71-dfb5-4aa1-88ae-a6993476029c}</UniqueIdentifier>
    </Filter>
    <Filter Include="03. Scene\02. Battle\02. Boss\Act">
      <UniqueIdentifier>{40055354-e599-4711-868e-ce0c52877db9}</UniqueIdentifier>
    </Filter>
    <Filter Include="03. Scene\02. Battle\02. Boss\Attack">
      <UniqueIdentifier>{e78c780f-d947-449e-9ab6-b68020708101}</UniqueIdentifier>
    </Filter>
    <Filter Include="03. Scene\02. Battle\02. Boss\Idle">
      <UniqueIdentifier>{06dd3569-36e9-433c-96cb-551d7d96076e}</UniqueIdentifier>
    </Filter>
    <Filter Include="03. Scene\02. Battle\02. Boss\Item">
      <UniqueIdentifier>{a2099b22-5b39-48b2-b4c8-884434708f39}</UniqueIdentifier>
    </Filter>
    <Filter Include="03. Scene\02. Battle\02. Boss\Mercy">
      <UniqueIdentifier>{a5ae74c0-2169-4c6c-bf8b-4b64299d9234}</UniqueIdentifier>
    </Filter>
    <Filter Include="03. Scene\02. Battle\02. Boss\Phase">
      <UniqueIdentifier>{6d600206-f461-41e9-a058-86facdec1e8d}</UniqueIdentifier>
    </Filter>
    <Filter Include="01. Obj\09. Mention">
      <UniqueIdentifier>{d7e9c5d8-bf81-4dd8-abc1-58c6e054ed76}</UniqueIdentifier>
    </Filter>
    <Filter Include="03. Scene\03. GameOver">
      <UniqueIdentifier>{b8ac2232-fadd-465d-b311-70b657750b55}</UniqueIdentifier>
    </Filter>
    <Filter Include="03. Scene\04. Ending">
      <UniqueIdentifier>{afeb87b6-a9e4-42bb-940b-a5032deb6baf}</UniqueIdentifier>
    </Filter>
    <Filter Include="01. Obj\04. Monster\Pattern\Attack2\Bullet">
      <UniqueIdentifier>{27f3558e-c253-4f8e-8b45-89d75a32bc29}</UniqueIdentifier>
    </Filter>
    <Filter Include="01. Obj\07. Attack_Bar\Motion">
      <UniqueIdentifier>{0425b16c-1f55-4188-94c7-4f16533e24fe}</UniqueIdentifier>
    </Filter>
    <Filter Include="01. Obj\10. Save">
      <UniqueIdentifier>{995badfc-0f8f-4969-8bb3-260f0701bdb5}</UniqueIdentifier>
    </Filter>
    <Filter Include="03. Scene\01. Stage\Stage4 - Toliel\Toriel_NPC">
      <UniqueIdentifier>{784a94e6-265f-4594-a313-956758a608a9}</UniqueIdentifier>
    </Filter>
    <Filter Include="01. Obj\03. Boss\Pattern\Attack4">
      <UniqueIdentifier>{87fa6821-82ab-49bf-a6b3-195f61ae030f}</UniqueIdentifier>
    </Filter>
    <Filter Include="01. Obj\03. Boss\Pattern\Attack5">
      <UniqueIdentifier>{cfdacd3c-0e8f-4b6c-9224-02c08289a754}</UniqueIdentifier>
    </Filter>
    <Filter Include="03. Scene\02. Battle\02. Boss\TorielDie">
      <UniqueIdentifier>{5f51bbde-d876-4085-a3b0-cc1beedcfb22}</UniqueIdentifier>
    </Filter>
  </ItemGroup>
  <ItemGroup>
    <Text Include="ReadMe.txt" />
  </ItemGroup>
  <ItemGroup>
    <ClInclude Include="stdafx.h">
      <Filter>헤더 파일</Filter>
    </ClInclude>
    <ClInclude Include="targetver.h">
      <Filter>헤더 파일</Filter>
    </ClInclude>
    <ClInclude Include="Resource.h">
      <Filter>헤더 파일</Filter>
    </ClInclude>
    <ClInclude Include="230608.h">
      <Filter>헤더 파일</Filter>
    </ClInclude>
    <ClInclude Include="MainGame.h">
      <Filter>00. MainGame</Filter>
    </ClInclude>
    <ClInclude Include="Define.h">
      <Filter>헤더 파일</Filter>
    </ClInclude>
    <ClInclude Include="Obj.h">
      <Filter>01. Obj</Filter>
    </ClInclude>
    <ClInclude Include="AbstractFactory.h">
      <Filter>02. Design\00. AbstractFactory</Filter>
    </ClInclude>
    <ClInclude Include="Mouse.h">
      <Filter>01. Obj\02. Mouse</Filter>
    </ClInclude>
    <ClInclude Include="CollisionMgr.h">
      <Filter>02. Design\01. CollisionMgr</Filter>
    </ClInclude>
    <ClInclude Include="ObjMgr.h">
      <Filter>02. Design\02. ObjMgr</Filter>
    </ClInclude>
    <ClInclude Include="LineMgr.h">
      <Filter>02. Design\03. LineMgr</Filter>
    </ClInclude>
    <ClInclude Include="Line.h">
      <Filter>02. Design\03. LineMgr\Line</Filter>
    </ClInclude>
    <ClInclude Include="IScene.h">
      <Filter>03. Scene</Filter>
    </ClInclude>
    <ClInclude Include="Intro.h">
      <Filter>03. Scene\00. Intro</Filter>
    </ClInclude>
    <ClInclude Include="Actor.h">
      <Filter>01. Obj\00. Actor</Filter>
    </ClInclude>
    <ClInclude Include="State.h">
      <Filter>01. Obj\00. Actor</Filter>
    </ClInclude>
    <ClInclude Include="PlayerS1.h">
      <Filter>01. Obj\01. Player\Player</Filter>
    </ClInclude>
    <ClInclude Include="KeyMgr.h">
      <Filter>02. Design\04. KeyMgr</Filter>
    </ClInclude>
    <ClInclude Include="ScrollMgr.h">
      <Filter>02. Design\05. ScrollMgr</Filter>
    </ClInclude>
    <ClInclude Include="BitMap.h">
      <Filter>02. Design\06. BmpMgr</Filter>
    </ClInclude>
    <ClInclude Include="BmpMgr.h">
      <Filter>02. Design\06. BmpMgr</Filter>
    </ClInclude>
    <ClInclude Include="Flowey.h">
      <Filter>03. Scene\01. Stage\Stage2 - Flowey\Flowey</Filter>
    </ClInclude>
    <ClInclude Include="SoundMgr.h">
      <Filter>02. Design\07. SoundMgr</Filter>
    </ClInclude>
    <ClInclude Include="MyButton.h">
      <Filter>01. Obj\05. Button</Filter>
    </ClInclude>
    <ClInclude Include="MessageBlock.h">
      <Filter>01. Obj\06. Message</Filter>
    </ClInclude>
    <ClInclude Include="Look.h">
      <Filter>01. Obj\04. Monster</Filter>
    </ClInclude>
    <ClInclude Include="Toriel.h">
      <Filter>01. Obj\03. Boss</Filter>
    </ClInclude>
    <ClInclude Include="MonsterAttack.h">
      <Filter>03. Scene\02. Battle\01. Monster\Attack</Filter>
    </ClInclude>
    <ClInclude Include="SceneMgr.h">
      <Filter>02. Design\08. SceneMgr</Filter>
    </ClInclude>
    <ClInclude Include="MonsterPhase.h">
      <Filter>03. Scene\02. Battle\01. Monster\Phase</Filter>
    </ClInclude>
    <ClInclude Include="Stage_Flowey.h">
      <Filter>03. Scene\01. Stage\Stage2 - Flowey</Filter>
    </ClInclude>
    <ClInclude Include="Stage_Ruin.h">
      <Filter>03. Scene\01. Stage\Stage1 - Ruin</Filter>
    </ClInclude>
    <ClInclude Include="Attack_Bar.h">
      <Filter>01. Obj\07. Attack_Bar</Filter>
    </ClInclude>
    <ClInclude Include="Player_Battle.h">
      <Filter>01. Obj\01. Player\Battle</Filter>
    </ClInclude>
    <ClInclude Include="LookBullet.h">
      <Filter>01. Obj\04. Monster\Pattern\Attack1</Filter>
    </ClInclude>
    <ClInclude Include="MonsterBattle.h">
      <Filter>03. Scene\02. Battle\01. Monster</Filter>
    </ClInclude>
    <ClInclude Include="MonsterIdle.h">
      <Filter>03. Scene\02. Battle\01. Monster\Idle</Filter>
    </ClInclude>
    <ClInclude Include="MonsterMercy.h">
      <Filter>03. Scene\02. Battle\01. Monster\Mercy</Filter>
    </ClInclude>
    <ClInclude Include="MonsterAct.h">
      <Filter>03. Scene\02. Battle\01. Monster\Act</Filter>
    </ClInclude>
    <ClInclude Include="PlayerState.h">
      <Filter>01. Obj\08. PlayerUI</Filter>
    </ClInclude>
    <ClInclude Include="MonsterItem.h">
      <Filter>03. Scene\02. Battle\01. Monster\Item</Filter>
    </ClInclude>
    <ClInclude Include="TorielAct.h">
      <Filter>03. Scene\02. Battle\02. Boss\Act</Filter>
    </ClInclude>
    <ClInclude Include="TorielAttack.h">
      <Filter>03. Scene\02. Battle\02. Boss\Attack</Filter>
    </ClInclude>
    <ClInclude Include="TorielBattle.h">
      <Filter>03. Scene\02. Battle\02. Boss</Filter>
    </ClInclude>
    <ClInclude Include="TorielIdle.h">
      <Filter>03. Scene\02. Battle\02. Boss\Idle</Filter>
    </ClInclude>
    <ClInclude Include="TorielItem.h">
      <Filter>03. Scene\02. Battle\02. Boss\Item</Filter>
    </ClInclude>
    <ClInclude Include="TorielMercy.h">
      <Filter>03. Scene\02. Battle\02. Boss\Mercy</Filter>
    </ClInclude>
    <ClInclude Include="TorielPhase.h">
      <Filter>03. Scene\02. Battle\02. Boss\Phase</Filter>
    </ClInclude>
    <ClInclude Include="Mention.h">
      <Filter>01. Obj\09. Mention</Filter>
    </ClInclude>
    <ClInclude Include="LookNormalBullet.h">
      <Filter>01. Obj\04. Monster\Pattern\Attack2</Filter>
    </ClInclude>
    <ClInclude Include="MiniBullet.h">
      <Filter>01. Obj\04. Monster\Pattern\Attack2\Bullet</Filter>
    </ClInclude>
    <ClInclude Include="Attack_Motion.h">
      <Filter>01. Obj\07. Attack_Bar\Motion</Filter>
    </ClInclude>
    <ClInclude Include="TorielBullet.h">
      <Filter>01. Obj\03. Boss\Pattern\Attack1</Filter>
    </ClInclude>
    <ClInclude Include="TorielPassBullet.h">
      <Filter>01. Obj\03. Boss\Pattern\Attack2</Filter>
    </ClInclude>
    <ClInclude Include="Stage_Toriel.h">
      <Filter>03. Scene\01. Stage\Stage4 - Toliel</Filter>
    </ClInclude>
    <ClInclude Include="Save.h">
      <Filter>01. Obj\10. Save</Filter>
    </ClInclude>
    <ClInclude Include="TorielNPC.h">
      <Filter>03. Scene\01. Stage\Stage4 - Toliel\Toriel_NPC</Filter>
    </ClInclude>
    <ClInclude Include="TorielHandBullet.h">
      <Filter>01. Obj\03. Boss\Pattern\Attack3</Filter>
    </ClInclude>
    <ClInclude Include="TorielMiniBullet.h">
      <Filter>01. Obj\03. Boss\Pattern\Attack3</Filter>
    </ClInclude>
    <ClInclude Include="TorielCenterBullet.h">
      <Filter>01. Obj\03. Boss\Pattern\Attack4</Filter>
    </ClInclude>
    <ClInclude Include="TorielLaserBullet.h">
      <Filter>01. Obj\03. Boss\Pattern\Attack5</Filter>
    </ClInclude>
    <ClInclude Include="MessageTextBlock.h">
      <Filter>01. Obj\06. Message</Filter>
    </ClInclude>
    <ClInclude Include="Ending.h">
      <Filter>03. Scene\04. Ending</Filter>
    </ClInclude>
  </ItemGroup>
  <ItemGroup>
    <ClCompile Include="stdafx.cpp">
      <Filter>소스 파일</Filter>
    </ClCompile>
    <ClCompile Include="230608.cpp">
      <Filter>소스 파일</Filter>
    </ClCompile>
    <ClCompile Include="MainGame.cpp">
      <Filter>00. MainGame</Filter>
    </ClCompile>
    <ClCompile Include="Obj.cpp">
      <Filter>01. Obj</Filter>
    </ClCompile>
    <ClCompile Include="Mouse.cpp">
      <Filter>01. Obj\02. Mouse</Filter>
    </ClCompile>
    <ClCompile Include="CollisionMgr.cpp">
      <Filter>02. Design\01. CollisionMgr</Filter>
    </ClCompile>
    <ClCompile Include="ObjMgr.cpp">
      <Filter>02. Design\02. ObjMgr</Filter>
    </ClCompile>
    <ClCompile Include="Line.cpp">
      <Filter>02. Design\03. LineMgr\Line</Filter>
    </ClCompile>
    <ClCompile Include="LineMgr.cpp">
      <Filter>02. Design\03. LineMgr</Filter>
    </ClCompile>
    <ClCompile Include="Intro.cpp">
      <Filter>03. Scene\00. Intro</Filter>
    </ClCompile>
    <ClCompile Include="PlayerS1.cpp">
      <Filter>01. Obj\01. Player\Player</Filter>
    </ClCompile>
    <ClCompile Include="KeyMgr.cpp">
      <Filter>02. Design\04. KeyMgr</Filter>
    </ClCompile>
    <ClCompile Include="ScrollMgr.cpp">
      <Filter>02. Design\05. ScrollMgr</Filter>
    </ClCompile>
    <ClCompile Include="BitMap.cpp">
      <Filter>02. Design\06. BmpMgr</Filter>
    </ClCompile>
    <ClCompile Include="BmpMgr.cpp">
      <Filter>02. Design\06. BmpMgr</Filter>
    </ClCompile>
    <ClCompile Include="Flowey.cpp">
      <Filter>03. Scene\01. Stage\Stage2 - Flowey\Flowey</Filter>
    </ClCompile>
    <ClCompile Include="SoundMgr.cpp">
      <Filter>02. Design\07. SoundMgr</Filter>
    </ClCompile>
    <ClCompile Include="MyButton.cpp">
      <Filter>01. Obj\05. Button</Filter>
    </ClCompile>
    <ClCompile Include="MessageBlock.cpp">
      <Filter>01. Obj\06. Message</Filter>
    </ClCompile>
    <ClCompile Include="Look.cpp">
      <Filter>01. Obj\04. Monster</Filter>
    </ClCompile>
    <ClCompile Include="Toriel.cpp">
      <Filter>01. Obj\03. Boss</Filter>
    </ClCompile>
    <ClCompile Include="MonsterAttack.cpp">
      <Filter>03. Scene\02. Battle\01. Monster\Attack</Filter>
    </ClCompile>
    <ClCompile Include="SceneMgr.cpp">
      <Filter>02. Design\08. SceneMgr</Filter>
    </ClCompile>
    <ClCompile Include="MonsterPhase.cpp">
      <Filter>03. Scene\02. Battle\01. Monster\Phase</Filter>
    </ClCompile>
    <ClCompile Include="Stage_Flowey.cpp">
      <Filter>03. Scene\01. Stage\Stage2 - Flowey</Filter>
    </ClCompile>
    <ClCompile Include="Stage_Ruin.cpp">
      <Filter>03. Scene\01. Stage\Stage1 - Ruin</Filter>
    </ClCompile>
    <ClCompile Include="Attack_Bar.cpp">
      <Filter>01. Obj\07. Attack_Bar</Filter>
    </ClCompile>
    <ClCompile Include="Player_Battle.cpp">
      <Filter>01. Obj\01. Player\Battle</Filter>
    </ClCompile>
    <ClCompile Include="LookBullet.cpp">
      <Filter>01. Obj\04. Monster\Pattern\Attack1</Filter>
    </ClCompile>
    <ClCompile Include="MonsterBattle.cpp">
      <Filter>03. Scene\02. Battle\01. Monster</Filter>
    </ClCompile>
    <ClCompile Include="MonsterIdle.cpp">
      <Filter>03. Scene\02. Battle\01. Monster\Idle</Filter>
    </ClCompile>
    <ClCompile Include="MonsterMercy.cpp">
      <Filter>03. Scene\02. Battle\01. Monster\Mercy</Filter>
    </ClCompile>
    <ClCompile Include="MonsterAct.cpp">
      <Filter>03. Scene\02. Battle\01. Monster\Act</Filter>
    </ClCompile>
    <ClCompile Include="PlayerState.cpp">
      <Filter>01. Obj\08. PlayerUI</Filter>
    </ClCompile>
    <ClCompile Include="MonsterItem.cpp">
      <Filter>03. Scene\02. Battle\01. Monster\Item</Filter>
    </ClCompile>
    <ClCompile Include="TorielAct.cpp">
      <Filter>03. Scene\02. Battle\02. Boss\Act</Filter>
    </ClCompile>
    <ClCompile Include="TorielAttack.cpp">
      <Filter>03. Scene\02. Battle\02. Boss\Attack</Filter>
    </ClCompile>
    <ClCompile Include="TorielBattle.cpp">
      <Filter>03. Scene\02. Battle\02. Boss</Filter>
    </ClCompile>
    <ClCompile Include="TorielIdle.cpp">
      <Filter>03. Scene\02. Battle\02. Boss\Idle</Filter>
    </ClCompile>
    <ClCompile Include="TorielItem.cpp">
      <Filter>03. Scene\02. Battle\02. Boss\Item</Filter>
    </ClCompile>
    <ClCompile Include="TorielMercy.cpp">
      <Filter>03. Scene\02. Battle\02. Boss\Mercy</Filter>
    </ClCompile>
    <ClCompile Include="TorielPhase.cpp">
      <Filter>03. Scene\02. Battle\02. Boss\Phase</Filter>
    </ClCompile>
    <ClCompile Include="Mention.cpp">
      <Filter>01. Obj\09. Mention</Filter>
    </ClCompile>
    <ClCompile Include="LookNormalBullet.cpp">
      <Filter>01. Obj\04. Monster\Pattern\Attack2</Filter>
    </ClCompile>
    <ClCompile Include="MiniBullet.cpp">
      <Filter>01. Obj\04. Monster\Pattern\Attack2\Bullet</Filter>
    </ClCompile>
    <ClCompile Include="Attack_Motion.cpp">
      <Filter>01. Obj\07. Attack_Bar\Motion</Filter>
    </ClCompile>
    <ClCompile Include="TorielBullet.cpp">
      <Filter>01. Obj\03. Boss\Pattern\Attack1</Filter>
    </ClCompile>
    <ClCompile Include="TorielPassBullet.cpp">
      <Filter>01. Obj\03. Boss\Pattern\Attack2</Filter>
    </ClCompile>
    <ClCompile Include="Stage_Toriel.cpp">
      <Filter>03. Scene\01. Stage\Stage4 - Toliel</Filter>
    </ClCompile>
    <ClCompile Include="Save.cpp">
      <Filter>01. Obj\10. Save</Filter>
    </ClCompile>
    <ClCompile Include="TorielNPC.cpp">
      <Filter>03. Scene\01. Stage\Stage4 - Toliel\Toriel_NPC</Filter>
    </ClCompile>
    <ClCompile Include="TorielHandBullet.cpp">
      <Filter>01. Obj\03. Boss\Pattern\Attack3</Filter>
    </ClCompile>
    <ClCompile Include="TorielMiniBullet.cpp">
      <Filter>01. Obj\03. Boss\Pattern\Attack3</Filter>
    </ClCompile>
    <ClCompile Include="TorielCenterBullet.cpp">
      <Filter>01. Obj\03. Boss\Pattern\Attack4</Filter>
    </ClCompile>
    <ClCompile Include="TorielLaserBullet.cpp">
      <Filter>01. Obj\03. Boss\Pattern\Attack5</Filter>
    </ClCompile>
    <ClCompile Include="MessageTextBlock.cpp">
      <Filter>01. Obj\06. Message</Filter>
    </ClCompile>
    <ClCompile Include="Ending.cpp">
      <Filter>03. Scene\04. Ending</Filter>
    </ClCompile>
  </ItemGroup>
  <ItemGroup>
    <ResourceCompile Include="230608.rc">
      <Filter>리소스 파일</Filter>
    </ResourceCompile>
  </ItemGroup>
  <ItemGroup>
    <Image Include="small.ico">
      <Filter>리소스 파일</Filter>
    </Image>
    <Image Include="230608.ico">
      <Filter>리소스 파일</Filter>
    </Image>
  </ItemGroup>
</Project>